<?xml version="1.0" encoding="utf-8"?>
<Project ToolsVersion="4.0" xmlns="http://schemas.microsoft.com/developer/msbuild/2003">
  <ItemGroup>
    <Filter Include="ソース ファイル">
      <UniqueIdentifier>{4FC737F1-C7A5-4376-A066-2A32D752A2FF}</UniqueIdentifier>
      <Extensions>cpp;c;cc;cxx;def;odl;idl;hpj;bat;asm;asmx</Extensions>
    </Filter>
    <Filter Include="ヘッダー ファイル">
      <UniqueIdentifier>{93995380-89BD-4b04-88EB-625FBE52EBFB}</UniqueIdentifier>
      <Extensions>h;hh;hpp;hxx;hm;inl;inc;ipp;xsd</Extensions>
    </Filter>
    <Filter Include="リソース ファイル">
      <UniqueIdentifier>{67DA6AB6-F800-4c08-8B7A-83BB121AAD01}</UniqueIdentifier>
      <Extensions>rc;ico;cur;bmp;dlg;rc2;rct;bin;rgs;gif;jpg;jpeg;jpe;resx;tiff;tif;png;wav;mfcribbon-ms</Extensions>
    </Filter>
    <Filter Include="ECS">
      <UniqueIdentifier>{fd48f7bd-8570-4d90-a9a2-4a45f305deff}</UniqueIdentifier>
    </Filter>
    <Filter Include="Utility">
      <UniqueIdentifier>{a8c083c4-a3ca-49dd-b794-ac84feeb70b3}</UniqueIdentifier>
    </Filter>
    <Filter Include="ComponentSystem">
      <UniqueIdentifier>{7de64483-5d88-4291-b563-3b1e13d45a7c}</UniqueIdentifier>
    </Filter>
    <Filter Include="ComponentData">
      <UniqueIdentifier>{cfd482ab-7698-428d-9201-3d2d881725ee}</UniqueIdentifier>
    </Filter>
  </ItemGroup>
  <ItemGroup>
    <ClCompile Include="main.cpp">
      <Filter>ソース ファイル</Filter>
    </ClCompile>
    <ClCompile Include="src\ECS\ECS.cpp">
      <Filter>ECS</Filter>
    </ClCompile>
  </ItemGroup>
  <ItemGroup>
    <ClInclude Include="src\ECS\ECS.hpp">
      <Filter>ECS</Filter>
    </ClInclude>
    <ClInclude Include="src\Utility\Vector.hpp">
      <Filter>Utility</Filter>
    </ClInclude>
    <ClInclude Include="src\ComponentSystem\StandardComponents.hpp">
      <Filter>ComponentSystem</Filter>
    </ClInclude>
    <ClInclude Include="src\ComponentSystem\EngineComponents.hpp">
      <Filter>ComponentSystem</Filter>
    </ClInclude>
    <ClInclude Include="src\ComponentSystem\Renderer.hpp">
      <Filter>ComponentSystem</Filter>
    </ClInclude>
  </ItemGroup>
</Project>